lockfileVersion: '6.0'

settings:
  autoInstallPeers: true
  excludeLinksFromLockfile: false

dependencies:
  canvaskit-wasm:
    specifier: 0.28.0
    version: 0.28.0

packages:

  /canvaskit-wasm@0.28.0:
    resolution: {integrity: sha512-RWFrswifvjh6QXHiy+ULCC/ZZnICFDhZgh0AD/W7XadWt4RKBTp914um5CdxAFik4UyB7GZlp+ynZYKK7tA5Rg==}
    dev: false
