lockfileVersion: '6.0'

settings:
  autoInstallPeers: true
  excludeLinksFromLockfile: false

dependencies:
  canvaskit-wasm:
    specifier: ^0.39.1
    version: 0.39.1

packages:

  /@webgpu/types@0.1.21:
    resolution: {integrity: sha512-pUrWq3V5PiSGFLeLxoGqReTZmiiXwY3jRkIG5sLLKjyqNxrwm/04b4nw7LSmGWJcKk59XOM/YRTUwOzo4MMlow==}
    dev: false

  /canvaskit-wasm@0.39.1:
    resolution: {integrity: sha512-Gy3lCmhUdKq+8bvDrs9t8+qf7RvcjuQn+we7vTVVyqgOVO1UVfHpsnBxkTZw+R4ApEJ3D5fKySl9TU11hmjl/A==}
    dependencies:
      '@webgpu/types': 0.1.21
    dev: false
